<?xml version="1.0" encoding="utf-8"?>
<Project ToolsVersion="4.0" xmlns="http://schemas.microsoft.com/developer/msbuild/2003">
  <ItemGroup>
    <Filter Include="Source Files">
      <UniqueIdentifier>{4FC737F1-C7A5-4376-A066-2A32D752A2FF}</UniqueIdentifier>
      <Extensions>cpp;c;cc;cxx;def;odl;idl;hpj;bat;asm;asmx</Extensions>
    </Filter>
    <Filter Include="Header Files">
      <UniqueIdentifier>{93995380-89BD-4b04-88EB-625FBE52EBFB}</UniqueIdentifier>
      <Extensions>h;hpp;hxx;hm;inl;inc;xsd</Extensions>
    </Filter>
    <Filter Include="Resource Files">
      <UniqueIdentifier>{67DA6AB6-F800-4c08-8B7A-83BB121AAD01}</UniqueIdentifier>
      <Extensions>rc;ico;cur;bmp;dlg;rc2;rct;bin;rgs;gif;jpg;jpeg;jpe;resx;tiff;tif;png;wav;mfcribbon-ms</Extensions>
    </Filter>
    <Filter Include="Header Files\Components">
      <UniqueIdentifier>{dbc6f99e-4d0f-479c-8f83-c2b78bd124cd}</UniqueIdentifier>
    </Filter>
    <Filter Include="Header Files\TinyXML">
      <UniqueIdentifier>{be2d491e-9da0-418e-ae3f-aeb64bd8a0c3}</UniqueIdentifier>
    </Filter>
    <Filter Include="Source Files\TinyXML">
      <UniqueIdentifier>{6885817f-c9ec-455b-875f-f098dbf031e2}</UniqueIdentifier>
    </Filter>
    <Filter Include="Header Files\GUI">
      <UniqueIdentifier>{ff069a65-3fcc-40c5-a63e-e752daf09434}</UniqueIdentifier>
    </Filter>
    <Filter Include="Header Files\GUI\GUIElements">
      <UniqueIdentifier>{d6d50d51-d3cd-4ba1-baac-eb0d5fa9880c}</UniqueIdentifier>
    </Filter>
    <Filter Include="Header Files\GUI\GUIScreens">
      <UniqueIdentifier>{29a67b99-8980-4c60-b2ed-358e0f300686}</UniqueIdentifier>
    </Filter>
    <Filter Include="Header Files\MessageSystem">
      <UniqueIdentifier>{083c3861-5d4d-42be-9d5e-a4a991625f60}</UniqueIdentifier>
    </Filter>
    <Filter Include="Header Files\GameObjects">
      <UniqueIdentifier>{9e15a9ac-7891-4332-bbe1-c769912d88bd}</UniqueIdentifier>
    </Filter>
    <Filter Include="Header Files\SpriteAnimation">
      <UniqueIdentifier>{4f7ddf47-87f5-4f45-9816-0a8cde1fa782}</UniqueIdentifier>
    </Filter>
    <Filter Include="Source Files\Components">
      <UniqueIdentifier>{6579726e-4251-44b2-998c-1fe9dc8717aa}</UniqueIdentifier>
    </Filter>
    <Filter Include="Source Files\GUI">
      <UniqueIdentifier>{6951cdeb-8146-4700-83e3-02cd15249656}</UniqueIdentifier>
    </Filter>
    <Filter Include="Source Files\GameObjects">
      <UniqueIdentifier>{4490c034-19c6-4cc8-bb49-c6399ea1e71e}</UniqueIdentifier>
    </Filter>
    <Filter Include="Source Files\MessageSystem">
      <UniqueIdentifier>{c8466bfa-be02-4626-aa88-0edd24eacbd7}</UniqueIdentifier>
    </Filter>
    <Filter Include="Header Files\Level">
      <UniqueIdentifier>{6d44930a-0846-4f03-b4d6-b97f36c99d0b}</UniqueIdentifier>
    </Filter>
  </ItemGroup>
  <ItemGroup>
    <ClInclude Include="inc\Game.h">
      <Filter>Header Files</Filter>
    </ClInclude>
    <ClInclude Include="inc\GameLog.h">
      <Filter>Header Files</Filter>
    </ClInclude>
    <ClInclude Include="inc\BoundingBox.h">
      <Filter>Header Files</Filter>
    </ClInclude>
    <ClInclude Include="inc\Vector2.h">
      <Filter>Header Files</Filter>
    </ClInclude>
    <ClInclude Include="inc\SoundManager.h">
      <Filter>Header Files</Filter>
    </ClInclude>
    <ClInclude Include="inc\ImageManager.h">
      <Filter>Header Files</Filter>
    </ClInclude>
    <ClInclude Include="inc\Camera.h">
      <Filter>Header Files</Filter>
    </ClInclude>
    <ClInclude Include="inc\TinyXML\tinystr.h">
      <Filter>Header Files\TinyXML</Filter>
    </ClInclude>
    <ClInclude Include="inc\TinyXML\tinyxml.h">
      <Filter>Header Files\TinyXML</Filter>
    </ClInclude>
    <ClInclude Include="inc\XMLParser.h">
      <Filter>Header Files</Filter>
    </ClInclude>
    <ClInclude Include="inc\Components\comp_Animation.h">
      <Filter>Header Files\Components</Filter>
    </ClInclude>
    <ClInclude Include="inc\Components\comp_Health.h">
      <Filter>Header Files\Components</Filter>
    </ClInclude>
    <ClInclude Include="inc\Components\comp_Input.h">
      <Filter>Header Files\Components</Filter>
    </ClInclude>
    <ClInclude Include="inc\Components\comp_Movable.h">
      <Filter>Header Files\Components</Filter>
    </ClInclude>
    <ClInclude Include="inc\Components\comp_Physics.h">
      <Filter>Header Files\Components</Filter>
    </ClInclude>
    <ClInclude Include="inc\Components\comp_Renderable.h">
      <Filter>Header Files\Components</Filter>
    </ClInclude>
    <ClInclude Include="inc\Components\Component.h">
      <Filter>Header Files\Components</Filter>
    </ClInclude>
    <ClInclude Include="inc\GUIScreen.h">
      <Filter>Header Files\GUI\GUIScreens</Filter>
    </ClInclude>
    <ClInclude Include="inc\MessageListener.h">
      <Filter>Header Files\MessageSystem</Filter>
    </ClInclude>
    <ClInclude Include="inc\MessageSystem.h">
      <Filter>Header Files\MessageSystem</Filter>
    </ClInclude>
    <ClInclude Include="inc\GameMessage.h">
      <Filter>Header Files\MessageSystem</Filter>
    </ClInclude>
    <ClInclude Include="inc\Player.h">
      <Filter>Header Files\GameObjects</Filter>
    </ClInclude>
    <ClInclude Include="inc\GameObject.h">
      <Filter>Header Files\GameObjects</Filter>
    </ClInclude>
    <ClInclude Include="inc\ObjectFactory.h">
      <Filter>Header Files\GameObjects</Filter>
    </ClInclude>
    <ClInclude Include="inc\AnimatedSprite.h">
      <Filter>Header Files\SpriteAnimation</Filter>
    </ClInclude>
    <ClInclude Include="inc\SpriteAnimation.h">
      <Filter>Header Files\SpriteAnimation</Filter>
    </ClInclude>
    <ClInclude Include="inc\LevelFloor.h">
      <Filter>Header Files\GameObjects</Filter>
    </ClInclude>
    <ClInclude Include="inc\Level.h">
      <Filter>Header Files\Level</Filter>
    </ClInclude>
    <ClInclude Include="inc\LevelManager.h">
      <Filter>Header Files\Level</Filter>
    </ClInclude>
    <ClInclude Include="inc\GUIButton.h">
      <Filter>Header Files\GUI\GUIElements</Filter>
    </ClInclude>
    <ClInclude Include="inc\GUIManager.h">
      <Filter>Header Files\GUI</Filter>
    </ClInclude>
    <ClInclude Include="inc\Screen_MainMenu.h">
      <Filter>Header Files\GUI\GUIScreens</Filter>
    </ClInclude>
    <ClInclude Include="inc\GUIElement.h">
      <Filter>Header Files\GUI\GUIElements</Filter>
    </ClInclude>
    <ClInclude Include="inc\GUIImage.h">
      <Filter>Header Files\GUI\GUIElements</Filter>
    </ClInclude>
    <ClInclude Include="inc\PhysicsWorld.h">
      <Filter>Header Files</Filter>
    </ClInclude>
    <ClInclude Include="inc\Screen_HUD.h">
      <Filter>Header Files\GUI\GUIScreens</Filter>
    </ClInclude>
    <ClInclude Include="inc\GUIText.h">
      <Filter>Header Files\GUI\GUIElements</Filter>
    </ClInclude>
    <ClInclude Include="inc\Screen_Loading.h">
      <Filter>Header Files\GUI\GUIScreens</Filter>
    </ClInclude>
  </ItemGroup>
  <ItemGroup>
    <ClCompile Include="src\main.cpp">
      <Filter>Source Files</Filter>
    </ClCompile>
    <ClCompile Include="src\Game.cpp">
      <Filter>Source Files</Filter>
    </ClCompile>
    <ClCompile Include="src\SoundManager.cpp">
      <Filter>Source Files</Filter>
    </ClCompile>
    <ClCompile Include="src\ImageManager.cpp">
      <Filter>Source Files</Filter>
    </ClCompile>
    <ClCompile Include="src\TinyXML\tinystr.cpp">
      <Filter>Source Files\TinyXML</Filter>
    </ClCompile>
    <ClCompile Include="src\TinyXML\tinyxml.cpp">
      <Filter>Source Files\TinyXML</Filter>
    </ClCompile>
    <ClCompile Include="src\TinyXML\tinyxmlerror.cpp">
      <Filter>Source Files\TinyXML</Filter>
    </ClCompile>
    <ClCompile Include="src\TinyXML\tinyxmlparser.cpp">
      <Filter>Source Files\TinyXML</Filter>
    </ClCompile>
    <ClCompile Include="src\XMLParser.cpp">
      <Filter>Source Files</Filter>
    </ClCompile>
    <ClCompile Include="src\Camera.cpp">
      <Filter>Source Files</Filter>
    </ClCompile>
    <ClCompile Include="src\GUIManager.cpp">
      <Filter>Source Files\GUI</Filter>
    </ClCompile>
    <ClCompile Include="src\Player.cpp">
      <Filter>Source Files\GameObjects</Filter>
    </ClCompile>
    <ClCompile Include="src\GameObject.cpp">
      <Filter>Source Files\GameObjects</Filter>
    </ClCompile>
    <ClCompile Include="src\ObjectFactory.cpp">
      <Filter>Source Files\GameObjects</Filter>
    </ClCompile>
    <ClCompile Include="src\MessageSystem.cpp">
      <Filter>Source Files\MessageSystem</Filter>
    </ClCompile>
    <ClCompile Include="src\PhysicsWorld.cpp">
      <Filter>Source Files</Filter>
    </ClCompile>
  </ItemGroup>
</Project>